---
mruby_version:
  version: 2.1.2
  release_no: 20102
builds:
  host:
    https://github.com/mrbgems/mruby-yaml.git:
      url: https://github.com/mrbgems/mruby-yaml.git
      branch: HEAD
      commit: 0606652a6e99d902cd3101cf2d757a7c0c37a7fd
      version: 0.1.0
    https://github.com/shibafu528/mruby-mix.git:
      url: https://github.com/shibafu528/mruby-mix.git
      branch: HEAD
      commit: b793088a7a9eed6e2ab74d886d5d0d0dd9fed4b1
    https://github.com/shibafu528/mruby-set.git:
      url: https://github.com/shibafu528/mruby-set.git
      branch: HEAD
      commit: 9f31599368946758d31f12459aa62ce760a030c4
      version: 0.0.0
    https://github.com/shibafu528/mruby-pluggaloid.git:
      url: https://github.com/shibafu528/mruby-pluggaloid.git
      branch: HEAD
      commit: 43129a187c9c9f336f35174ead6972f0aabf933e
      version: 1.5.0
    https://github.com/shibafu528/mruby-diva.git:
      url: https://github.com/shibafu528/mruby-diva.git
      branch: HEAD
      commit: 63299e5a3183dcd51788196b919b1812b9f02a8f
      version: 1.0.2
    https://github.com/shibafu528/mruby-delayer-deferred.git:
      url: https://github.com/shibafu528/mruby-delayer-deferred.git
      branch: HEAD
      commit: c3bc0ef77aad9c942800f346408004477cbc7446
      version: 2.2.0
    https://github.com/ksss/mruby-singleton.git:
      url: https://github.com/ksss/mruby-singleton.git
      branch: HEAD
      commit: 73dd4bae1a47d82e49b8f85bf27f49ec4462052e
      version: 0.0.0
    https://github.com/mattn/mruby-require.git:
      url: https://github.com/mattn/mruby-require.git
      branch: HEAD
      commit: b2b95a27b8658c46c5cb05abd168e77a12aef2a4
      version: 0.0.0
    https://github.com/iij/mruby-dir.git:
      url: https://github.com/iij/mruby-dir.git
      branch: HEAD
      commit: 89dceefa1250fb1ae868d4cb52498e9e24293cd1
      version: 0.0.0
    https://github.com/shibafu528/mruby-delayer.git:
      url: https://github.com/shibafu528/mruby-delayer.git
      branch: HEAD
      commit: b20de4b3c6d6b3c2e86157fb51411f06ae6c0d6b
      version: 1.1.2
    https://github.com/shibafu528/mruby-instance-storage.git:
      url: https://github.com/shibafu528/mruby-instance-storage.git
      branch: HEAD
      commit: d11690a510ddaf3559328cb78c1b81cd7260e152
      version: 1.0.0
    https://github.com/IceDragon200/mruby-catch-throw:
      url: https://github.com/IceDragon200/mruby-catch-throw
      branch: HEAD
      commit: 2b6eaff4232b4a9473b864df53c2917080af5dcf
      version: 1.1.0
    https://github.com/monochromegane/mruby-secure-random.git:
      url: https://github.com/monochromegane/mruby-secure-random.git
      branch: HEAD
      commit: 4971702e8cd299054b3220b4adb6bc3031ae2881
      version: 0.0.0
    https://github.com/zzak/mruby-uri.git:
      url: https://github.com/zzak/mruby-uri.git
      branch: HEAD
      commit: b3108ae56a48990eb7b79f44aca4ec76e1e60ad8
      version: 0.0.0
    https://github.com/mattn/mruby-onig-regexp.git:
      url: https://github.com/mattn/mruby-onig-regexp.git
      branch: HEAD
      commit: 20ba3325d6fa504cbbf193e1b2a90e20fdab544f
      version: 0.0.0
  macos-x86_64-debug:
    https://github.com/mrbgems/mruby-yaml.git:
      url: https://github.com/mrbgems/mruby-yaml.git
      branch: HEAD
      commit: 0606652a6e99d902cd3101cf2d757a7c0c37a7fd
      version: 0.1.0
    https://github.com/shibafu528/mruby-mix.git:
      url: https://github.com/shibafu528/mruby-mix.git
      branch: HEAD
      commit: b793088a7a9eed6e2ab74d886d5d0d0dd9fed4b1
    https://github.com/shibafu528/mruby-set.git:
      url: https://github.com/shibafu528/mruby-set.git
      branch: HEAD
      commit: 9f31599368946758d31f12459aa62ce760a030c4
      version: 0.0.0
    https://github.com/shibafu528/mruby-pluggaloid.git:
      url: https://github.com/shibafu528/mruby-pluggaloid.git
      branch: HEAD
      commit: 43129a187c9c9f336f35174ead6972f0aabf933e
      version: 1.5.0
    https://github.com/shibafu528/mruby-diva.git:
      url: https://github.com/shibafu528/mruby-diva.git
      branch: HEAD
      commit: 63299e5a3183dcd51788196b919b1812b9f02a8f
      version: 1.0.2
    https://github.com/shibafu528/mruby-delayer-deferred.git:
      url: https://github.com/shibafu528/mruby-delayer-deferred.git
      branch: HEAD
      commit: c3bc0ef77aad9c942800f346408004477cbc7446
      version: 2.2.0
    https://github.com/ksss/mruby-singleton.git:
      url: https://github.com/ksss/mruby-singleton.git
      branch: HEAD
      commit: 73dd4bae1a47d82e49b8f85bf27f49ec4462052e
      version: 0.0.0
    https://github.com/mattn/mruby-require.git:
      url: https://github.com/mattn/mruby-require.git
      branch: HEAD
      commit: b2b95a27b8658c46c5cb05abd168e77a12aef2a4
      version: 0.0.0
    https://github.com/iij/mruby-dir.git:
      url: https://github.com/iij/mruby-dir.git
      branch: HEAD
      commit: 89dceefa1250fb1ae868d4cb52498e9e24293cd1
      version: 0.0.0
    https://github.com/shibafu528/mruby-delayer.git:
      url: https://github.com/shibafu528/mruby-delayer.git
      branch: HEAD
      commit: b20de4b3c6d6b3c2e86157fb51411f06ae6c0d6b
      version: 1.1.2
    https://github.com/shibafu528/mruby-instance-storage.git:
      url: https://github.com/shibafu528/mruby-instance-storage.git
      branch: HEAD
      commit: d11690a510ddaf3559328cb78c1b81cd7260e152
      version: 1.0.0
    https://github.com/IceDragon200/mruby-catch-throw:
      url: https://github.com/IceDragon200/mruby-catch-throw
      branch: HEAD
      commit: 2b6eaff4232b4a9473b864df53c2917080af5dcf
      version: 1.1.0
    https://github.com/monochromegane/mruby-secure-random.git:
      url: https://github.com/monochromegane/mruby-secure-random.git
      branch: HEAD
      commit: 4971702e8cd299054b3220b4adb6bc3031ae2881
      version: 0.0.0
    https://github.com/zzak/mruby-uri.git:
      url: https://github.com/zzak/mruby-uri.git
      branch: HEAD
      commit: b3108ae56a48990eb7b79f44aca4ec76e1e60ad8
      version: 0.0.0
    https://github.com/mattn/mruby-onig-regexp.git:
      url: https://github.com/mattn/mruby-onig-regexp.git
      branch: HEAD
      commit: 20ba3325d6fa504cbbf193e1b2a90e20fdab544f
      version: 0.0.0
  macos-x86_64-release:
    https://github.com/mrbgems/mruby-yaml.git:
      url: https://github.com/mrbgems/mruby-yaml.git
      branch: HEAD
      commit: 0606652a6e99d902cd3101cf2d757a7c0c37a7fd
      version: 0.1.0
    https://github.com/shibafu528/mruby-mix.git:
      url: https://github.com/shibafu528/mruby-mix.git
      branch: HEAD
      commit: b793088a7a9eed6e2ab74d886d5d0d0dd9fed4b1
    https://github.com/shibafu528/mruby-set.git:
      url: https://github.com/shibafu528/mruby-set.git
      branch: HEAD
      commit: 9f31599368946758d31f12459aa62ce760a030c4
      version: 0.0.0
    https://github.com/shibafu528/mruby-pluggaloid.git:
      url: https://github.com/shibafu528/mruby-pluggaloid.git
      branch: HEAD
      commit: 43129a187c9c9f336f35174ead6972f0aabf933e
      version: 1.5.0
    https://github.com/shibafu528/mruby-diva.git:
      url: https://github.com/shibafu528/mruby-diva.git
      branch: HEAD
      commit: 63299e5a3183dcd51788196b919b1812b9f02a8f
      version: 1.0.2
    https://github.com/shibafu528/mruby-delayer-deferred.git:
      url: https://github.com/shibafu528/mruby-delayer-deferred.git
      branch: HEAD
      commit: c3bc0ef77aad9c942800f346408004477cbc7446
      version: 2.2.0
    https://github.com/ksss/mruby-singleton.git:
      url: https://github.com/ksss/mruby-singleton.git
      branch: HEAD
      commit: 73dd4bae1a47d82e49b8f85bf27f49ec4462052e
      version: 0.0.0
    https://github.com/mattn/mruby-require.git:
      url: https://github.com/mattn/mruby-require.git
      branch: HEAD
      commit: b2b95a27b8658c46c5cb05abd168e77a12aef2a4
      version: 0.0.0
    https://github.com/iij/mruby-dir.git:
      url: https://github.com/iij/mruby-dir.git
      branch: HEAD
      commit: 89dceefa1250fb1ae868d4cb52498e9e24293cd1
      version: 0.0.0
    https://github.com/shibafu528/mruby-delayer.git:
      url: https://github.com/shibafu528/mruby-delayer.git
      branch: HEAD
      commit: b20de4b3c6d6b3c2e86157fb51411f06ae6c0d6b
      version: 1.1.2
    https://github.com/shibafu528/mruby-instance-storage.git:
      url: https://github.com/shibafu528/mruby-instance-storage.git
      branch: HEAD
      commit: d11690a510ddaf3559328cb78c1b81cd7260e152
      version: 1.0.0
    https://github.com/IceDragon200/mruby-catch-throw:
      url: https://github.com/IceDragon200/mruby-catch-throw
      branch: HEAD
      commit: 2b6eaff4232b4a9473b864df53c2917080af5dcf
      version: 1.1.0
    https://github.com/monochromegane/mruby-secure-random.git:
      url: https://github.com/monochromegane/mruby-secure-random.git
      branch: HEAD
      commit: 4971702e8cd299054b3220b4adb6bc3031ae2881
      version: 0.0.0
    https://github.com/zzak/mruby-uri.git:
      url: https://github.com/zzak/mruby-uri.git
      branch: HEAD
      commit: b3108ae56a48990eb7b79f44aca4ec76e1e60ad8
      version: 0.0.0
    https://github.com/mattn/mruby-onig-regexp.git:
      url: https://github.com/mattn/mruby-onig-regexp.git
      branch: HEAD
      commit: 20ba3325d6fa504cbbf193e1b2a90e20fdab544f
      version: 0.0.0
  macos-arm64-debug:
    https://github.com/mrbgems/mruby-yaml.git:
      url: https://github.com/mrbgems/mruby-yaml.git
      branch: HEAD
      commit: 0606652a6e99d902cd3101cf2d757a7c0c37a7fd
      version: 0.1.0
    https://github.com/shibafu528/mruby-mix.git:
      url: https://github.com/shibafu528/mruby-mix.git
      branch: HEAD
      commit: b793088a7a9eed6e2ab74d886d5d0d0dd9fed4b1
    https://github.com/shibafu528/mruby-set.git:
      url: https://github.com/shibafu528/mruby-set.git
      branch: HEAD
      commit: 9f31599368946758d31f12459aa62ce760a030c4
      version: 0.0.0
    https://github.com/shibafu528/mruby-pluggaloid.git:
      url: https://github.com/shibafu528/mruby-pluggaloid.git
      branch: HEAD
      commit: 43129a187c9c9f336f35174ead6972f0aabf933e
      version: 1.5.0
    https://github.com/shibafu528/mruby-diva.git:
      url: https://github.com/shibafu528/mruby-diva.git
      branch: HEAD
      commit: 63299e5a3183dcd51788196b919b1812b9f02a8f
      version: 1.0.2
    https://github.com/shibafu528/mruby-delayer-deferred.git:
      url: https://github.com/shibafu528/mruby-delayer-deferred.git
      branch: HEAD
      commit: c3bc0ef77aad9c942800f346408004477cbc7446
      version: 2.2.0
    https://github.com/ksss/mruby-singleton.git:
      url: https://github.com/ksss/mruby-singleton.git
      branch: HEAD
      commit: 73dd4bae1a47d82e49b8f85bf27f49ec4462052e
      version: 0.0.0
    https://github.com/mattn/mruby-require.git:
      url: https://github.com/mattn/mruby-require.git
      branch: HEAD
      commit: b2b95a27b8658c46c5cb05abd168e77a12aef2a4
      version: 0.0.0
    https://github.com/iij/mruby-dir.git:
      url: https://github.com/iij/mruby-dir.git
      branch: HEAD
      commit: 89dceefa1250fb1ae868d4cb52498e9e24293cd1
      version: 0.0.0
    https://github.com/shibafu528/mruby-delayer.git:
      url: https://github.com/shibafu528/mruby-delayer.git
      branch: HEAD
      commit: b20de4b3c6d6b3c2e86157fb51411f06ae6c0d6b
      version: 1.1.2
    https://github.com/shibafu528/mruby-instance-storage.git:
      url: https://github.com/shibafu528/mruby-instance-storage.git
      branch: HEAD
      commit: d11690a510ddaf3559328cb78c1b81cd7260e152
      version: 1.0.0
    https://github.com/IceDragon200/mruby-catch-throw:
      url: https://github.com/IceDragon200/mruby-catch-throw
      branch: HEAD
      commit: 2b6eaff4232b4a9473b864df53c2917080af5dcf
      version: 1.1.0
    https://github.com/monochromegane/mruby-secure-random.git:
      url: https://github.com/monochromegane/mruby-secure-random.git
      branch: HEAD
      commit: 4971702e8cd299054b3220b4adb6bc3031ae2881
      version: 0.0.0
    https://github.com/zzak/mruby-uri.git:
      url: https://github.com/zzak/mruby-uri.git
      branch: HEAD
      commit: b3108ae56a48990eb7b79f44aca4ec76e1e60ad8
      version: 0.0.0
    https://github.com/mattn/mruby-onig-regexp.git:
      url: https://github.com/mattn/mruby-onig-regexp.git
      branch: HEAD
      commit: 20ba3325d6fa504cbbf193e1b2a90e20fdab544f
      version: 0.0.0
  macos-arm64-release:
    https://github.com/mrbgems/mruby-yaml.git:
      url: https://github.com/mrbgems/mruby-yaml.git
      branch: HEAD
      commit: 0606652a6e99d902cd3101cf2d757a7c0c37a7fd
      version: 0.1.0
    https://github.com/shibafu528/mruby-mix.git:
      url: https://github.com/shibafu528/mruby-mix.git
      branch: HEAD
      commit: b793088a7a9eed6e2ab74d886d5d0d0dd9fed4b1
    https://github.com/shibafu528/mruby-set.git:
      url: https://github.com/shibafu528/mruby-set.git
      branch: HEAD
      commit: 9f31599368946758d31f12459aa62ce760a030c4
      version: 0.0.0
    https://github.com/shibafu528/mruby-pluggaloid.git:
      url: https://github.com/shibafu528/mruby-pluggaloid.git
      branch: HEAD
      commit: 43129a187c9c9f336f35174ead6972f0aabf933e
      version: 1.5.0
    https://github.com/shibafu528/mruby-diva.git:
      url: https://github.com/shibafu528/mruby-diva.git
      branch: HEAD
      commit: 63299e5a3183dcd51788196b919b1812b9f02a8f
      version: 1.0.2
    https://github.com/shibafu528/mruby-delayer-deferred.git:
      url: https://github.com/shibafu528/mruby-delayer-deferred.git
      branch: HEAD
      commit: c3bc0ef77aad9c942800f346408004477cbc7446
      version: 2.2.0
    https://github.com/ksss/mruby-singleton.git:
      url: https://github.com/ksss/mruby-singleton.git
      branch: HEAD
      commit: 73dd4bae1a47d82e49b8f85bf27f49ec4462052e
      version: 0.0.0
    https://github.com/mattn/mruby-require.git:
      url: https://github.com/mattn/mruby-require.git
      branch: HEAD
      commit: b2b95a27b8658c46c5cb05abd168e77a12aef2a4
      version: 0.0.0
    https://github.com/iij/mruby-dir.git:
      url: https://github.com/iij/mruby-dir.git
      branch: HEAD
      commit: 89dceefa1250fb1ae868d4cb52498e9e24293cd1
      version: 0.0.0
    https://github.com/shibafu528/mruby-delayer.git:
      url: https://github.com/shibafu528/mruby-delayer.git
      branch: HEAD
      commit: b20de4b3c6d6b3c2e86157fb51411f06ae6c0d6b
      version: 1.1.2
    https://github.com/shibafu528/mruby-instance-storage.git:
      url: https://github.com/shibafu528/mruby-instance-storage.git
      branch: HEAD
      commit: d11690a510ddaf3559328cb78c1b81cd7260e152
      version: 1.0.0
    https://github.com/IceDragon200/mruby-catch-throw:
      url: https://github.com/IceDragon200/mruby-catch-throw
      branch: HEAD
      commit: 2b6eaff4232b4a9473b864df53c2917080af5dcf
      version: 1.1.0
    https://github.com/monochromegane/mruby-secure-random.git:
      url: https://github.com/monochromegane/mruby-secure-random.git
      branch: HEAD
      commit: 4971702e8cd299054b3220b4adb6bc3031ae2881
      version: 0.0.0
    https://github.com/zzak/mruby-uri.git:
      url: https://github.com/zzak/mruby-uri.git
      branch: HEAD
      commit: b3108ae56a48990eb7b79f44aca4ec76e1e60ad8
      version: 0.0.0
    https://github.com/mattn/mruby-onig-regexp.git:
      url: https://github.com/mattn/mruby-onig-regexp.git
      branch: HEAD
      commit: 20ba3325d6fa504cbbf193e1b2a90e20fdab544f
      version: 0.0.0
